
Microsoft Visual Studio Solution File, Format Version 12.00
# Visual Studio Version 17
VisualStudioVersion = 17.13.35806.99
MinimumVisualStudioVersion = 10.0.40219.1
Project("{FAE04EC0-301F-11D3-BF4B-00C04F79EFBC}") = "Web", "Web\Web.csproj", "{27693B55-E1A0-4738-A8FF-0875A0BBEC24}"
EndProject
Project("{FAE04EC0-301F-11D3-BF4B-00C04F79EFBC}") = "Models", "Models\Models.csproj", "{35280D05-73D7-40A9-ABE6-2588C6098AFC}"
EndProject
Project("{FAE04EC0-301F-11D3-BF4B-00C04F79EFBC}") = "Common", "Common\Common.csproj", "{A6E7311E-5D31-4B03-91B3-283473F63689}"
EndProject
Project("{FAE04EC0-301F-11D3-BF4B-00C04F79EFBC}") = "Business", "Business\Business.csproj", "{6AB95B93-5F50-45A0-ACF9-C670E4D8A6C6}"
EndProject
Project("{FAE04EC0-301F-11D3-BF4B-00C04F79EFBC}") = "DB", "DB\DB.csproj", "{6A00B2E9-5D5C-4270-BB78-1E07F4CD5EB1}"
EndProject
Global
	GlobalSection(SolutionConfigurationPlatforms) = preSolution
		Debug|Any CPU = Debug|Any CPU
		Release|Any CPU = Release|Any CPU
	EndGlobalSection
	GlobalSection(ProjectConfigurationPlatforms) = postSolution
		{27693B55-E1A0-4738-A8FF-0875A0BBEC24}.Debug|Any CPU.ActiveCfg = Debug|Any CPU
		{27693B55-E1A0-4738-A8FF-0875A0BBEC24}.Debug|Any CPU.Build.0 = Debug|Any CPU
		{27693B55-E1A0-4738-A8FF-0875A0BBEC24}.Release|Any CPU.ActiveCfg = Release|Any CPU
		{27693B55-E1A0-4738-A8FF-0875A0BBEC24}.Release|Any CPU.Build.0 = Release|Any CPU
		{35280D05-73D7-40A9-ABE6-2588C6098AFC}.Debug|Any CPU.ActiveCfg = Debug|Any CPU
		{35280D05-73D7-40A9-ABE6-2588C6098AFC}.Debug|Any CPU.Build.0 = Debug|Any CPU
		{35280D05-73D7-40A9-ABE6-2588C6098AFC}.Release|Any CPU.ActiveCfg = Release|Any CPU
		{35280D05-73D7-40A9-ABE6-2588C6098AFC}.Release|Any CPU.Build.0 = Release|Any CPU
		{A6E7311E-5D31-4B03-91B3-283473F63689}.Debug|Any CPU.ActiveCfg = Debug|Any CPU
		{A6E7311E-5D31-4B03-91B3-283473F63689}.Debug|Any CPU.Build.0 = Debug|Any CPU
		{A6E7311E-5D31-4B03-91B3-283473F63689}.Release|Any CPU.ActiveCfg = Release|Any CPU
		{A6E7311E-5D31-4B03-91B3-283473F63689}.Release|Any CPU.Build.0 = Release|Any CPU
		{6AB95B93-5F50-45A0-ACF9-C670E4D8A6C6}.Debug|Any CPU.ActiveCfg = Debug|Any CPU
		{6AB95B93-5F50-45A0-ACF9-C670E4D8A6C6}.Debug|Any CPU.Build.0 = Debug|Any CPU
		{6AB95B93-5F50-45A0-ACF9-C670E4D8A6C6}.Release|Any CPU.ActiveCfg = Release|Any CPU
		{6AB95B93-5F50-45A0-ACF9-C670E4D8A6C6}.Release|Any CPU.Build.0 = Release|Any CPU
		{6A00B2E9-5D5C-4270-BB78-1E07F4CD5EB1}.Debug|Any CPU.ActiveCfg = Debug|Any CPU
		{6A00B2E9-5D5C-4270-BB78-1E07F4CD5EB1}.Debug|Any CPU.Build.0 = Debug|Any CPU
		{6A00B2E9-5D5C-4270-BB78-1E07F4CD5EB1}.Release|Any CPU.ActiveCfg = Release|Any CPU
		{6A00B2E9-5D5C-4270-BB78-1E07F4CD5EB1}.Release|Any CPU.Build.0 = Release|Any CPU
	EndGlobalSection
	GlobalSection(SolutionProperties) = preSolution
		HideSolutionNode = FALSE
	EndGlobalSection
	GlobalSection(ExtensibilityGlobals) = postSolution
		SolutionGuid = {F7F38807-1833-44EA-8D82-1FA96B2ED7D8}
	EndGlobalSection
EndGlobal
